
Microsoft Visual Studio Solution File, Format Version 12.00
# Visual Studio Version 16
VisualStudioVersion = 16.0.30621.155
MinimumVisualStudioVersion = 10.0.40219.1
Project("{FAE04EC0-301F-11D3-BF4B-00C04F79EFBC}") = "VirtureInteractionServer", "VirtureInteractionServer\VirtureInteractionServer.csproj", "{DC902F13-C375-477A-8B32-24C31FDDFBA7}"
EndProject
Project("{FAE04EC0-301F-11D3-BF4B-00C04F79EFBC}") = "DataServer", "DataServer\DataServer.csproj", "{53D50263-889B-4960-B9DD-CDC0382CA485}"
EndProject
Project("{FAE04EC0-301F-11D3-BF4B-00C04F79EFBC}") = "DataClient", "DataClient\DataClient.csproj", "{A9225F47-7075-4779-9CC6-46992E7771E6}"
EndProject
Global
	GlobalSection(SolutionConfigurationPlatforms) = preSolution
		Debug|Any CPU = Debug|Any CPU
		Release|Any CPU = Release|Any CPU
	EndGlobalSection
	GlobalSection(ProjectConfigurationPlatforms) = postSolution
		{DC902F13-C375-477A-8B32-24C31FDDFBA7}.Debug|Any CPU.ActiveCfg = Debug|Any CPU
		{DC902F13-C375-477A-8B32-24C31FDDFBA7}.Debug|Any CPU.Build.0 = Debug|Any CPU
		{DC902F13-C375-477A-8B32-24C31FDDFBA7}.Release|Any CPU.ActiveCfg = Release|Any CPU
		{DC902F13-C375-477A-8B32-24C31FDDFBA7}.Release|Any CPU.Build.0 = Release|Any CPU
		{53D50263-889B-4960-B9DD-CDC0382CA485}.Debug|Any CPU.ActiveCfg = Debug|Any CPU
		{53D50263-889B-4960-B9DD-CDC0382CA485}.Debug|Any CPU.Build.0 = Debug|Any CPU
		{53D50263-889B-4960-B9DD-CDC0382CA485}.Release|Any CPU.ActiveCfg = Release|Any CPU
		{53D50263-889B-4960-B9DD-CDC0382CA485}.Release|Any CPU.Build.0 = Release|Any CPU
		{A9225F47-7075-4779-9CC6-46992E7771E6}.Debug|Any CPU.ActiveCfg = Debug|Any CPU
		{A9225F47-7075-4779-9CC6-46992E7771E6}.Debug|Any CPU.Build.0 = Debug|Any CPU
		{A9225F47-7075-4779-9CC6-46992E7771E6}.Release|Any CPU.ActiveCfg = Release|Any CPU
		{A9225F47-7075-4779-9CC6-46992E7771E6}.Release|Any CPU.Build.0 = Release|Any CPU
	EndGlobalSection
	GlobalSection(SolutionProperties) = preSolution
		HideSolutionNode = FALSE
	EndGlobalSection
	GlobalSection(ExtensibilityGlobals) = postSolution
		SolutionGuid = {91ACCD88-CE5F-45DC-96F1-DF03EF0C0C7E}
	EndGlobalSection
EndGlobal
